
Microsoft Visual Studio Solution File, Format Version 12.00
# Visual Studio Version 17
VisualStudioVersion = 17.8.34525.116
MinimumVisualStudioVersion = 10.0.40219.1
Project("{FAE04EC0-301F-11D3-BF4B-00C04F79EFBC}") = "MyProjectForGitHubPractice", "MyProjectForGitHubPractice\MyProjectForGitHubPractice.csproj", "{7063E2F9-C9F5-40E0-8672-EBDB7FD6FC4F}"
EndProject
Global
	GlobalSection(SolutionConfigurationPlatforms) = preSolution
		Debug|Any CPU = Debug|Any CPU
		Release|Any CPU = Release|Any CPU
	EndGlobalSection
	GlobalSection(ProjectConfigurationPlatforms) = postSolution
		{7063E2F9-C9F5-40E0-8672-EBDB7FD6FC4F}.Debug|Any CPU.ActiveCfg = Debug|Any CPU
		{7063E2F9-C9F5-40E0-8672-EBDB7FD6FC4F}.Debug|Any CPU.Build.0 = Debug|Any CPU
		{7063E2F9-C9F5-40E0-8672-EBDB7FD6FC4F}.Release|Any CPU.ActiveCfg = Release|Any CPU
		{7063E2F9-C9F5-40E0-8672-EBDB7FD6FC4F}.Release|Any CPU.Build.0 = Release|Any CPU
	EndGlobalSection
	GlobalSection(SolutionProperties) = preSolution
		HideSolutionNode = FALSE
	EndGlobalSection
	GlobalSection(ExtensibilityGlobals) = postSolution
		SolutionGuid = {A3957540-F90A-4DC5-8436-5CE3726CA51C}
	EndGlobalSection
EndGlobal
